
Microsoft Visual Studio Solution File, Format Version 12.00
# Visual Studio 2013
VisualStudioVersion = 12.0.30723.0
MinimumVisualStudioVersion = 10.0.40219.1
Project("{FAE04EC0-301F-11D3-BF4B-00C04F79EFBC}") = "Quiron.LojaVirtual.Dominio", "Quiron.LojaVirtual.Dominio\Quiron.LojaVirtual.Dominio.csproj", "{C1764376-75FF-4E21-866B-CF3D82BB7A6C}"
EndProject
Project("{FAE04EC0-301F-11D3-BF4B-00C04F79EFBC}") = "Quiron.LojaVirtualWeb", "Quiron.LojaVirtualWeb\Quiron.LojaVirtualWeb.csproj", "{915DA7D9-8768-449B-9F74-F2F3CCBF4E24}"
EndProject
Project("{FAE04EC0-301F-11D3-BF4B-00C04F79EFBC}") = "Quiron.LojaVirtual.UnitTest", "Quiron.LojaVirtual.UnitTest\Quiron.LojaVirtual.UnitTest.csproj", "{45322B85-9B15-4C4E-AF8E-29DC2A9729AE}"
EndProject
Global
	GlobalSection(SolutionConfigurationPlatforms) = preSolution
		Debug|Any CPU = Debug|Any CPU
		Release|Any CPU = Release|Any CPU
	EndGlobalSection
	GlobalSection(ProjectConfigurationPlatforms) = postSolution
		{C1764376-75FF-4E21-866B-CF3D82BB7A6C}.Debug|Any CPU.ActiveCfg = Debug|Any CPU
		{C1764376-75FF-4E21-866B-CF3D82BB7A6C}.Debug|Any CPU.Build.0 = Debug|Any CPU
		{C1764376-75FF-4E21-866B-CF3D82BB7A6C}.Release|Any CPU.ActiveCfg = Release|Any CPU
		{C1764376-75FF-4E21-866B-CF3D82BB7A6C}.Release|Any CPU.Build.0 = Release|Any CPU
		{915DA7D9-8768-449B-9F74-F2F3CCBF4E24}.Debug|Any CPU.ActiveCfg = Debug|Any CPU
		{915DA7D9-8768-449B-9F74-F2F3CCBF4E24}.Debug|Any CPU.Build.0 = Debug|Any CPU
		{915DA7D9-8768-449B-9F74-F2F3CCBF4E24}.Release|Any CPU.ActiveCfg = Release|Any CPU
		{915DA7D9-8768-449B-9F74-F2F3CCBF4E24}.Release|Any CPU.Build.0 = Release|Any CPU
		{45322B85-9B15-4C4E-AF8E-29DC2A9729AE}.Debug|Any CPU.ActiveCfg = Debug|Any CPU
		{45322B85-9B15-4C4E-AF8E-29DC2A9729AE}.Debug|Any CPU.Build.0 = Debug|Any CPU
		{45322B85-9B15-4C4E-AF8E-29DC2A9729AE}.Release|Any CPU.ActiveCfg = Release|Any CPU
		{45322B85-9B15-4C4E-AF8E-29DC2A9729AE}.Release|Any CPU.Build.0 = Release|Any CPU
	EndGlobalSection
	GlobalSection(SolutionProperties) = preSolution
		HideSolutionNode = FALSE
	EndGlobalSection
EndGlobal
